
Microsoft Visual Studio Solution File, Format Version 12.00
# Visual Studio Version 17
VisualStudioVersion = 17.11.35327.3
MinimumVisualStudioVersion = 10.0.40219.1
Project("{FAE04EC0-301F-11D3-BF4B-00C04F79EFBC}") = "FaturaProgram", "FaturaProgram\FaturaProgram.csproj", "{4E6B18A9-4350-43C6-A5E0-66DE40A122C8}"
EndProject
Global
	GlobalSection(SolutionConfigurationPlatforms) = preSolution
		Debug|Any CPU = Debug|Any CPU
		Release|Any CPU = Release|Any CPU
	EndGlobalSection
	GlobalSection(ProjectConfigurationPlatforms) = postSolution
		{4E6B18A9-4350-43C6-A5E0-66DE40A122C8}.Debug|Any CPU.ActiveCfg = Debug|Any CPU
		{4E6B18A9-4350-43C6-A5E0-66DE40A122C8}.Debug|Any CPU.Build.0 = Debug|Any CPU
		{4E6B18A9-4350-43C6-A5E0-66DE40A122C8}.Release|Any CPU.ActiveCfg = Release|Any CPU
		{4E6B18A9-4350-43C6-A5E0-66DE40A122C8}.Release|Any CPU.Build.0 = Release|Any CPU
	EndGlobalSection
	GlobalSection(SolutionProperties) = preSolution
		HideSolutionNode = FALSE
	EndGlobalSection
	GlobalSection(ExtensibilityGlobals) = postSolution
		SolutionGuid = {AEC51328-BF2A-4F06-AB40-9AA185696596}
	EndGlobalSection
EndGlobal
